
Microsoft Visual Studio Solution File, Format Version 12.00
# Visual Studio 2013
VisualStudioVersion = 12.0.21005.1
MinimumVisualStudioVersion = 10.0.40219.1
Project("{FAE04EC0-301F-11D3-BF4B-00C04F79EFBC}") = "RoomReservation.Business.Entities", "RoomReservation.Business.Entities\RoomReservation.Business.Entities.csproj", "{2CABC9D1-4D12-48E0-B1BD-D8D84E0063E8}"
EndProject
Project("{2150E333-8FDC-42A3-9474-1A3956D46DE8}") = "Business", "Business", "{D177ED90-65B8-42BC-97F3-9CB42CBE8C37}"
EndProject
Project("{2150E333-8FDC-42A3-9474-1A3956D46DE8}") = "Client", "Client", "{18DB1A8A-7917-43D9-AAEB-5C5C2B1FDC3B}"
EndProject
Project("{FAE04EC0-301F-11D3-BF4B-00C04F79EFBC}") = "RoomReservation.Client.Entities", "RoomReservation.Client.Entities\RoomReservation.Client.Entities.csproj", "{D98B3173-B061-4AEC-844D-A209C7F0A3B7}"
EndProject
Project("{2150E333-8FDC-42A3-9474-1A3956D46DE8}") = "Core", "Core", "{9EF87537-F97D-483B-864D-5B7B1B02CF94}"
EndProject
Project("{FAE04EC0-301F-11D3-BF4B-00C04F79EFBC}") = "Core.Common", "Core.Common\Core.Common.csproj", "{2CFB9A06-E849-4B75-A85B-3990489D289B}"
EndProject
Project("{FAE04EC0-301F-11D3-BF4B-00C04F79EFBC}") = "Core.Common.Contracts", "Core.Common.Contracts\Core.Common.Contracts.csproj", "{87F4557A-B30D-4108-8590-1D0F21925B5C}"
EndProject
Project("{2150E333-8FDC-42A3-9474-1A3956D46DE8}") = "Resource Access", "Resource Access", "{7215377A-473D-4719-AD90-6F95D3DBAC2F}"
EndProject
Project("{FAE04EC0-301F-11D3-BF4B-00C04F79EFBC}") = "RoomReservation.Data", "RoomReservation.Data\RoomReservation.Data.csproj", "{AC6ABE67-9B32-41E5-9CDB-DBAAB58491D6}"
EndProject
Project("{FAE04EC0-301F-11D3-BF4B-00C04F79EFBC}") = "RoomReservation.Data.Contracts", "RoomReservation.Data.Contracts\RoomReservation.Data.Contracts.csproj", "{F2CCD830-9EC0-4A4C-8C69-0C03A3CFC8E8}"
EndProject
Project("{FAE04EC0-301F-11D3-BF4B-00C04F79EFBC}") = "RoomReservation.Business.Bootstrapper", "RoomReservation.Business.Bootstrapper\RoomReservation.Business.Bootstrapper.csproj", "{4191CCF8-BE44-4BC8-8B3B-C3CA8518FDCC}"
EndProject
Project("{FAE04EC0-301F-11D3-BF4B-00C04F79EFBC}") = "RoomReservation.Business.Contracts", "RoomReservation.Business.Contracts\RoomReservation.Business.Contracts.csproj", "{3BB6B967-158B-4BBC-82BD-9DE67953B5E6}"
EndProject
Project("{FAE04EC0-301F-11D3-BF4B-00C04F79EFBC}") = "RoomReservation.Business.Managers", "RoomReservation.Business.Managers\RoomReservation.Business.Managers.csproj", "{F3EA703C-5E05-4CC7-ACC0-C64C84A37FE2}"
EndProject
Project("{FAE04EC0-301F-11D3-BF4B-00C04F79EFBC}") = "RoomReservation.Business", "RoomReservation.Business\RoomReservation.Business.csproj", "{387B5925-C4AB-4CDC-8E0F-4057385208A7}"
EndProject
Project("{FAE04EC0-301F-11D3-BF4B-00C04F79EFBC}") = "RoomReservation.Business.Common", "RoomReservation.Business.Common\RoomReservation.Business.Common.csproj", "{703421F0-5381-4B86-94CC-FEFA430A1218}"
EndProject
Project("{2150E333-8FDC-42A3-9474-1A3956D46DE8}") = "Common", "Common", "{E13A6291-D4D3-48FC-B870-F0E059EA0EE9}"
EndProject
Project("{FAE04EC0-301F-11D3-BF4B-00C04F79EFBC}") = "RoomReservation.Common", "RoomReservation.Common\RoomReservation.Common.csproj", "{D8FA0087-FD0C-415F-B4A1-9D92552B2D91}"
EndProject
Project("{FAE04EC0-301F-11D3-BF4B-00C04F79EFBC}") = "Core.Common.ServiceModel", "Core.Common.ServiceModel\Core.Common.ServiceModel.csproj", "{0C0AA50B-8F34-46EF-B5A9-7460D5A6182D}"
EndProject
Project("{2150E333-8FDC-42A3-9474-1A3956D46DE8}") = "Hosting", "Hosting", "{DF8F3082-FAC8-4D60-A66A-F5559EBBCF2A}"
EndProject
Project("{FAE04EC0-301F-11D3-BF4B-00C04F79EFBC}") = "RoomReservation.ServiceHost.Console", "RoomReservation.ServiceHost.Console\RoomReservation.ServiceHost.Console.csproj", "{977BDC26-2795-4141-8356-9D45E681B9F4}"
EndProject
Project("{FAE04EC0-301F-11D3-BF4B-00C04F79EFBC}") = "RoomReservation.Client.Contracts", "RoomReservation.Client.Contracts\RoomReservation.Client.Contracts.csproj", "{727E08C0-90CA-49CD-BAEA-8EF0BD67928E}"
EndProject
Project("{FAE04EC0-301F-11D3-BF4B-00C04F79EFBC}") = "RoomReservation.Client.Proxies", "RoomReservation.Client.Proxies\RoomReservation.Client.Proxies.csproj", "{72B1DA23-DBCA-4E8A-B87E-D2F4B9861B2A}"
EndProject
Project("{FAE04EC0-301F-11D3-BF4B-00C04F79EFBC}") = "RoomReservation.Client.Bootstrapper", "RoomReservation.Client.Bootstrapper\RoomReservation.Client.Bootstrapper.csproj", "{2D75C42F-1DF0-41F5-BE17-DE2B1F833A92}"
EndProject
Project("{FAE04EC0-301F-11D3-BF4B-00C04F79EFBC}") = "RoomReservation.Web", "RoomReservation.Web\RoomReservation.Web.csproj", "{2185521D-6F0D-4F47-8B1F-57A64A8D6190}"
EndProject
Project("{FAE04EC0-301F-11D3-BF4B-00C04F79EFBC}") = "Core.Common.Tests", "Core.Common.Tests\Core.Common.Tests.csproj", "{11902DEE-7F2A-4D85-B44D-DE22EA42CE8B}"
EndProject
Global
	GlobalSection(SolutionConfigurationPlatforms) = preSolution
		Debug|Any CPU = Debug|Any CPU
		Release|Any CPU = Release|Any CPU
	EndGlobalSection
	GlobalSection(ProjectConfigurationPlatforms) = postSolution
		{2CABC9D1-4D12-48E0-B1BD-D8D84E0063E8}.Debug|Any CPU.ActiveCfg = Debug|Any CPU
		{2CABC9D1-4D12-48E0-B1BD-D8D84E0063E8}.Debug|Any CPU.Build.0 = Debug|Any CPU
		{2CABC9D1-4D12-48E0-B1BD-D8D84E0063E8}.Release|Any CPU.ActiveCfg = Release|Any CPU
		{2CABC9D1-4D12-48E0-B1BD-D8D84E0063E8}.Release|Any CPU.Build.0 = Release|Any CPU
		{D98B3173-B061-4AEC-844D-A209C7F0A3B7}.Debug|Any CPU.ActiveCfg = Debug|Any CPU
		{D98B3173-B061-4AEC-844D-A209C7F0A3B7}.Debug|Any CPU.Build.0 = Debug|Any CPU
		{D98B3173-B061-4AEC-844D-A209C7F0A3B7}.Release|Any CPU.ActiveCfg = Release|Any CPU
		{D98B3173-B061-4AEC-844D-A209C7F0A3B7}.Release|Any CPU.Build.0 = Release|Any CPU
		{2CFB9A06-E849-4B75-A85B-3990489D289B}.Debug|Any CPU.ActiveCfg = Debug|Any CPU
		{2CFB9A06-E849-4B75-A85B-3990489D289B}.Debug|Any CPU.Build.0 = Debug|Any CPU
		{2CFB9A06-E849-4B75-A85B-3990489D289B}.Release|Any CPU.ActiveCfg = Release|Any CPU
		{2CFB9A06-E849-4B75-A85B-3990489D289B}.Release|Any CPU.Build.0 = Release|Any CPU
		{87F4557A-B30D-4108-8590-1D0F21925B5C}.Debug|Any CPU.ActiveCfg = Debug|Any CPU
		{87F4557A-B30D-4108-8590-1D0F21925B5C}.Debug|Any CPU.Build.0 = Debug|Any CPU
		{87F4557A-B30D-4108-8590-1D0F21925B5C}.Release|Any CPU.ActiveCfg = Release|Any CPU
		{87F4557A-B30D-4108-8590-1D0F21925B5C}.Release|Any CPU.Build.0 = Release|Any CPU
		{AC6ABE67-9B32-41E5-9CDB-DBAAB58491D6}.Debug|Any CPU.ActiveCfg = Debug|Any CPU
		{AC6ABE67-9B32-41E5-9CDB-DBAAB58491D6}.Debug|Any CPU.Build.0 = Debug|Any CPU
		{AC6ABE67-9B32-41E5-9CDB-DBAAB58491D6}.Release|Any CPU.ActiveCfg = Release|Any CPU
		{AC6ABE67-9B32-41E5-9CDB-DBAAB58491D6}.Release|Any CPU.Build.0 = Release|Any CPU
		{F2CCD830-9EC0-4A4C-8C69-0C03A3CFC8E8}.Debug|Any CPU.ActiveCfg = Debug|Any CPU
		{F2CCD830-9EC0-4A4C-8C69-0C03A3CFC8E8}.Debug|Any CPU.Build.0 = Debug|Any CPU
		{F2CCD830-9EC0-4A4C-8C69-0C03A3CFC8E8}.Release|Any CPU.ActiveCfg = Release|Any CPU
		{F2CCD830-9EC0-4A4C-8C69-0C03A3CFC8E8}.Release|Any CPU.Build.0 = Release|Any CPU
		{4191CCF8-BE44-4BC8-8B3B-C3CA8518FDCC}.Debug|Any CPU.ActiveCfg = Debug|Any CPU
		{4191CCF8-BE44-4BC8-8B3B-C3CA8518FDCC}.Debug|Any CPU.Build.0 = Debug|Any CPU
		{4191CCF8-BE44-4BC8-8B3B-C3CA8518FDCC}.Release|Any CPU.ActiveCfg = Release|Any CPU
		{4191CCF8-BE44-4BC8-8B3B-C3CA8518FDCC}.Release|Any CPU.Build.0 = Release|Any CPU
		{3BB6B967-158B-4BBC-82BD-9DE67953B5E6}.Debug|Any CPU.ActiveCfg = Debug|Any CPU
		{3BB6B967-158B-4BBC-82BD-9DE67953B5E6}.Debug|Any CPU.Build.0 = Debug|Any CPU
		{3BB6B967-158B-4BBC-82BD-9DE67953B5E6}.Release|Any CPU.ActiveCfg = Release|Any CPU
		{3BB6B967-158B-4BBC-82BD-9DE67953B5E6}.Release|Any CPU.Build.0 = Release|Any CPU
		{F3EA703C-5E05-4CC7-ACC0-C64C84A37FE2}.Debug|Any CPU.ActiveCfg = Debug|Any CPU
		{F3EA703C-5E05-4CC7-ACC0-C64C84A37FE2}.Debug|Any CPU.Build.0 = Debug|Any CPU
		{F3EA703C-5E05-4CC7-ACC0-C64C84A37FE2}.Release|Any CPU.ActiveCfg = Release|Any CPU
		{F3EA703C-5E05-4CC7-ACC0-C64C84A37FE2}.Release|Any CPU.Build.0 = Release|Any CPU
		{387B5925-C4AB-4CDC-8E0F-4057385208A7}.Debug|Any CPU.ActiveCfg = Debug|Any CPU
		{387B5925-C4AB-4CDC-8E0F-4057385208A7}.Debug|Any CPU.Build.0 = Debug|Any CPU
		{387B5925-C4AB-4CDC-8E0F-4057385208A7}.Release|Any CPU.ActiveCfg = Release|Any CPU
		{387B5925-C4AB-4CDC-8E0F-4057385208A7}.Release|Any CPU.Build.0 = Release|Any CPU
		{703421F0-5381-4B86-94CC-FEFA430A1218}.Debug|Any CPU.ActiveCfg = Debug|Any CPU
		{703421F0-5381-4B86-94CC-FEFA430A1218}.Debug|Any CPU.Build.0 = Debug|Any CPU
		{703421F0-5381-4B86-94CC-FEFA430A1218}.Release|Any CPU.ActiveCfg = Release|Any CPU
		{703421F0-5381-4B86-94CC-FEFA430A1218}.Release|Any CPU.Build.0 = Release|Any CPU
		{D8FA0087-FD0C-415F-B4A1-9D92552B2D91}.Debug|Any CPU.ActiveCfg = Debug|Any CPU
		{D8FA0087-FD0C-415F-B4A1-9D92552B2D91}.Debug|Any CPU.Build.0 = Debug|Any CPU
		{D8FA0087-FD0C-415F-B4A1-9D92552B2D91}.Release|Any CPU.ActiveCfg = Release|Any CPU
		{D8FA0087-FD0C-415F-B4A1-9D92552B2D91}.Release|Any CPU.Build.0 = Release|Any CPU
		{0C0AA50B-8F34-46EF-B5A9-7460D5A6182D}.Debug|Any CPU.ActiveCfg = Debug|Any CPU
		{0C0AA50B-8F34-46EF-B5A9-7460D5A6182D}.Debug|Any CPU.Build.0 = Debug|Any CPU
		{0C0AA50B-8F34-46EF-B5A9-7460D5A6182D}.Release|Any CPU.ActiveCfg = Release|Any CPU
		{0C0AA50B-8F34-46EF-B5A9-7460D5A6182D}.Release|Any CPU.Build.0 = Release|Any CPU
		{977BDC26-2795-4141-8356-9D45E681B9F4}.Debug|Any CPU.ActiveCfg = Debug|Any CPU
		{977BDC26-2795-4141-8356-9D45E681B9F4}.Debug|Any CPU.Build.0 = Debug|Any CPU
		{977BDC26-2795-4141-8356-9D45E681B9F4}.Release|Any CPU.ActiveCfg = Release|Any CPU
		{977BDC26-2795-4141-8356-9D45E681B9F4}.Release|Any CPU.Build.0 = Release|Any CPU
		{727E08C0-90CA-49CD-BAEA-8EF0BD67928E}.Debug|Any CPU.ActiveCfg = Debug|Any CPU
		{727E08C0-90CA-49CD-BAEA-8EF0BD67928E}.Debug|Any CPU.Build.0 = Debug|Any CPU
		{727E08C0-90CA-49CD-BAEA-8EF0BD67928E}.Release|Any CPU.ActiveCfg = Release|Any CPU
		{727E08C0-90CA-49CD-BAEA-8EF0BD67928E}.Release|Any CPU.Build.0 = Release|Any CPU
		{72B1DA23-DBCA-4E8A-B87E-D2F4B9861B2A}.Debug|Any CPU.ActiveCfg = Debug|Any CPU
		{72B1DA23-DBCA-4E8A-B87E-D2F4B9861B2A}.Debug|Any CPU.Build.0 = Debug|Any CPU
		{72B1DA23-DBCA-4E8A-B87E-D2F4B9861B2A}.Release|Any CPU.ActiveCfg = Release|Any CPU
		{72B1DA23-DBCA-4E8A-B87E-D2F4B9861B2A}.Release|Any CPU.Build.0 = Release|Any CPU
		{2D75C42F-1DF0-41F5-BE17-DE2B1F833A92}.Debug|Any CPU.ActiveCfg = Debug|Any CPU
		{2D75C42F-1DF0-41F5-BE17-DE2B1F833A92}.Debug|Any CPU.Build.0 = Debug|Any CPU
		{2D75C42F-1DF0-41F5-BE17-DE2B1F833A92}.Release|Any CPU.ActiveCfg = Release|Any CPU
		{2D75C42F-1DF0-41F5-BE17-DE2B1F833A92}.Release|Any CPU.Build.0 = Release|Any CPU
		{2185521D-6F0D-4F47-8B1F-57A64A8D6190}.Debug|Any CPU.ActiveCfg = Debug|Any CPU
		{2185521D-6F0D-4F47-8B1F-57A64A8D6190}.Debug|Any CPU.Build.0 = Debug|Any CPU
		{2185521D-6F0D-4F47-8B1F-57A64A8D6190}.Release|Any CPU.ActiveCfg = Release|Any CPU
		{2185521D-6F0D-4F47-8B1F-57A64A8D6190}.Release|Any CPU.Build.0 = Release|Any CPU
		{11902DEE-7F2A-4D85-B44D-DE22EA42CE8B}.Debug|Any CPU.ActiveCfg = Debug|Any CPU
		{11902DEE-7F2A-4D85-B44D-DE22EA42CE8B}.Debug|Any CPU.Build.0 = Debug|Any CPU
		{11902DEE-7F2A-4D85-B44D-DE22EA42CE8B}.Release|Any CPU.ActiveCfg = Release|Any CPU
		{11902DEE-7F2A-4D85-B44D-DE22EA42CE8B}.Release|Any CPU.Build.0 = Release|Any CPU
	EndGlobalSection
	GlobalSection(SolutionProperties) = preSolution
		HideSolutionNode = FALSE
	EndGlobalSection
	GlobalSection(NestedProjects) = preSolution
		{2CABC9D1-4D12-48E0-B1BD-D8D84E0063E8} = {D177ED90-65B8-42BC-97F3-9CB42CBE8C37}
		{4191CCF8-BE44-4BC8-8B3B-C3CA8518FDCC} = {D177ED90-65B8-42BC-97F3-9CB42CBE8C37}
		{3BB6B967-158B-4BBC-82BD-9DE67953B5E6} = {D177ED90-65B8-42BC-97F3-9CB42CBE8C37}
		{F3EA703C-5E05-4CC7-ACC0-C64C84A37FE2} = {D177ED90-65B8-42BC-97F3-9CB42CBE8C37}
		{387B5925-C4AB-4CDC-8E0F-4057385208A7} = {D177ED90-65B8-42BC-97F3-9CB42CBE8C37}
		{703421F0-5381-4B86-94CC-FEFA430A1218} = {D177ED90-65B8-42BC-97F3-9CB42CBE8C37}
		{D98B3173-B061-4AEC-844D-A209C7F0A3B7} = {18DB1A8A-7917-43D9-AAEB-5C5C2B1FDC3B}
		{727E08C0-90CA-49CD-BAEA-8EF0BD67928E} = {18DB1A8A-7917-43D9-AAEB-5C5C2B1FDC3B}
		{72B1DA23-DBCA-4E8A-B87E-D2F4B9861B2A} = {18DB1A8A-7917-43D9-AAEB-5C5C2B1FDC3B}
		{2D75C42F-1DF0-41F5-BE17-DE2B1F833A92} = {18DB1A8A-7917-43D9-AAEB-5C5C2B1FDC3B}
		{2CFB9A06-E849-4B75-A85B-3990489D289B} = {9EF87537-F97D-483B-864D-5B7B1B02CF94}
		{87F4557A-B30D-4108-8590-1D0F21925B5C} = {9EF87537-F97D-483B-864D-5B7B1B02CF94}
		{0C0AA50B-8F34-46EF-B5A9-7460D5A6182D} = {9EF87537-F97D-483B-864D-5B7B1B02CF94}
		{11902DEE-7F2A-4D85-B44D-DE22EA42CE8B} = {9EF87537-F97D-483B-864D-5B7B1B02CF94}
		{AC6ABE67-9B32-41E5-9CDB-DBAAB58491D6} = {7215377A-473D-4719-AD90-6F95D3DBAC2F}
		{F2CCD830-9EC0-4A4C-8C69-0C03A3CFC8E8} = {7215377A-473D-4719-AD90-6F95D3DBAC2F}
		{D8FA0087-FD0C-415F-B4A1-9D92552B2D91} = {E13A6291-D4D3-48FC-B870-F0E059EA0EE9}
		{977BDC26-2795-4141-8356-9D45E681B9F4} = {DF8F3082-FAC8-4D60-A66A-F5559EBBCF2A}
		{2185521D-6F0D-4F47-8B1F-57A64A8D6190} = {DF8F3082-FAC8-4D60-A66A-F5559EBBCF2A}
	EndGlobalSection
EndGlobal
